{
  "version": "5",
  "specifiers": {
    "jsr:@cfs/schemas@*": "3.0.0",
    "jsr:@cfs/schemas@3.1.0-beta.7": "3.1.0-beta.7",
    "jsr:@std/assert@1": "1.0.19",
    "jsr:@std/internal@^1.0.12": "1.0.12",
    "npm:@date-fns/tz@1": "1.4.1",
    "npm:currency.js@2": "2.0.4",
    "npm:date-fns@4": "4.1.0",
    "npm:zod@^4.3.6": "4.3.6"
  },
  "jsr": {
    "@cfs/schemas@3.0.0": {
      "integrity": "9e3000af73307964c737d88ced639d5a762f5873f85bdff46983e95b0fd241fa"
    },
    "@cfs/schemas@3.1.0-beta.7": {
      "integrity": "3f1a498765f6d6cfdae0af72059aede43945b98c072036676810b6f0d55576bc",
      "dependencies": [
        "npm:zod"
      ]
    },
    "@std/assert@1.0.19": {
      "integrity": "eaada96ee120cb980bc47e040f82814d786fe8162ecc53c91d8df60b8755991e",
      "dependencies": [
        "jsr:@std/internal"
      ]
    },
    "@std/internal@1.0.12": {
      "integrity": "972a634fd5bc34b242024402972cd5143eac68d8dffaca5eaa4dba30ce17b027"
    }
  },
  "npm": {
    "@date-fns/tz@1.4.1": {
      "integrity": "sha512-P5LUNhtbj6YfI3iJjw5EL9eUAG6OitD0W3fWQcpQjDRc/QIsL0tRNuO1PcDvPccWL1fSTXXdE1ds+l95DV/OFA=="
    },
    "currency.js@2.0.4": {
      "integrity": "sha512-6/OplJYgJ0RUlli74d93HJ/OsKVBi8lB1+Z6eJYS1YZzBuIp4qKKHpJ7ad+GvTlWmLR/hLJOWTykN5Nm8NJ7+w=="
    },
    "date-fns@4.1.0": {
      "integrity": "sha512-Ukq0owbQXxa/U3EGtsdVBkR1w7KOQ5gIBqdH2hkvknzZPYvBxb/aa6E8L7tmjFtkwZBu3UXBbjIgPo/Ez4xaNg=="
    },
    "zod@4.3.6": {
      "integrity": "sha512-rftlrkhHZOcjDwkGlnUtZZkvaPHCsDATp4pGpuOOMDaTdDDXF91wuVDJoWoPsKX/3YPQ5fHuF3STjcYyKr+Qhg=="
    }
  },
  "workspace": {
    "dependencies": [
      "jsr:@cfs/schemas@3.1.0-beta.7",
      "jsr:@std/assert@1",
      "npm:@date-fns/tz@1",
      "npm:currency.js@2",
      "npm:date-fns@4"
    ]
  }
}
